
Microsoft Visual Studio Solution File, Format Version 12.00
# Visual Studio Version 17
VisualStudioVersion = 17.14.36221.1 d17.14
MinimumVisualStudioVersion = 10.0.40219.1
Project("{FAE04EC0-301F-11D3-BF4B-00C04F79EFBC}") = "Delegates", "Delegates\Delegates.csproj", "{16B4BCE8-16B5-46ED-BD17-092C40B79E8D}"
EndProject
Global
	GlobalSection(SolutionConfigurationPlatforms) = preSolution
		Debug|Any CPU = Debug|Any CPU
		Release|Any CPU = Release|Any CPU
	EndGlobalSection
	GlobalSection(ProjectConfigurationPlatforms) = postSolution
		{16B4BCE8-16B5-46ED-BD17-092C40B79E8D}.Debug|Any CPU.ActiveCfg = Debug|Any CPU
		{16B4BCE8-16B5-46ED-BD17-092C40B79E8D}.Debug|Any CPU.Build.0 = Debug|Any CPU
		{16B4BCE8-16B5-46ED-BD17-092C40B79E8D}.Release|Any CPU.ActiveCfg = Release|Any CPU
		{16B4BCE8-16B5-46ED-BD17-092C40B79E8D}.Release|Any CPU.Build.0 = Release|Any CPU
	EndGlobalSection
	GlobalSection(SolutionProperties) = preSolution
		HideSolutionNode = FALSE
	EndGlobalSection
	GlobalSection(ExtensibilityGlobals) = postSolution
		SolutionGuid = {95A6C534-1933-412B-84CF-E1337A10265A}
	EndGlobalSection
EndGlobal
